{
  "name": "hardware-github-viewer",
  "lockfileVersion": 2,
  "requires": true,
  "packages": {
    "": {
      "devDependencies": {
        "@webcomponents/webcomponentsjs": "^2.8.0"
      }
    },
    "node_modules/@webcomponents/webcomponentsjs": {
      "version": "2.8.0",
      "resolved": "https://registry.npmjs.org/@webcomponents/webcomponentsjs/-/webcomponentsjs-2.8.0.tgz",
      "integrity": "sha512-loGD63sacRzOzSJgQnB9ZAhaQGkN7wl2Zuw7tsphI5Isa0irijrRo6EnJii/GgjGefIFO8AIO7UivzRhFaEk9w==",
      "dev": true
    }
  },
  "dependencies": {
    "@webcomponents/webcomponentsjs": {
      "version": "2.8.0",
      "resolved": "https://registry.npmjs.org/@webcomponents/webcomponentsjs/-/webcomponentsjs-2.8.0.tgz",
      "integrity": "sha512-loGD63sacRzOzSJgQnB9ZAhaQGkN7wl2Zuw7tsphI5Isa0irijrRo6EnJii/GgjGefIFO8AIO7UivzRhFaEk9w==",
      "dev": true
    }
  }
}
